
Microsoft Visual Studio Solution File, Format Version 12.00
# Visual Studio Version 16
VisualStudioVersion = 16.0.32510.428
MinimumVisualStudioVersion = 10.0.40219.1
Project("{9A19103F-16F7-4668-BE54-9A1E7A4F7556}") = "DataAccess", "DataAccess\DataAccess.csproj", "{2FD08649-67C7-4EF5-9498-4B855633A798}"
EndProject
Project("{9A19103F-16F7-4668-BE54-9A1E7A4F7556}") = "Entities", "Entities\Entities.csproj", "{3DD0B8C8-3329-4695-9A00-4F799811147A}"
EndProject
Project("{9A19103F-16F7-4668-BE54-9A1E7A4F7556}") = "Business", "Business\Business.csproj", "{F2412B1B-6682-40F0-AC16-F78A2CE3CC98}"
EndProject
Project("{9A19103F-16F7-4668-BE54-9A1E7A4F7556}") = "Core", "Core\Core.csproj", "{5B8C9D87-53EB-4D30-80D2-9BA6F94085BD}"
EndProject
Project("{9A19103F-16F7-4668-BE54-9A1E7A4F7556}") = "ConsoleUI", "ConsoleUI\ConsoleUI.csproj", "{B2F00A6E-5B93-439D-A724-50E17B1685B6}"
EndProject
Project("{FAE04EC0-301F-11D3-BF4B-00C04F79EFBC}") = "WebAPI", "WebAPI\WebAPI.csproj", "{19199A07-1246-44D4-A0F3-403081D7DE11}"
EndProject
Global
	GlobalSection(SolutionConfigurationPlatforms) = preSolution
		Debug|Any CPU = Debug|Any CPU
		Release|Any CPU = Release|Any CPU
	EndGlobalSection
	GlobalSection(ProjectConfigurationPlatforms) = postSolution
		{2FD08649-67C7-4EF5-9498-4B855633A798}.Debug|Any CPU.ActiveCfg = Debug|Any CPU
		{2FD08649-67C7-4EF5-9498-4B855633A798}.Debug|Any CPU.Build.0 = Debug|Any CPU
		{2FD08649-67C7-4EF5-9498-4B855633A798}.Release|Any CPU.ActiveCfg = Release|Any CPU
		{2FD08649-67C7-4EF5-9498-4B855633A798}.Release|Any CPU.Build.0 = Release|Any CPU
		{3DD0B8C8-3329-4695-9A00-4F799811147A}.Debug|Any CPU.ActiveCfg = Debug|Any CPU
		{3DD0B8C8-3329-4695-9A00-4F799811147A}.Debug|Any CPU.Build.0 = Debug|Any CPU
		{3DD0B8C8-3329-4695-9A00-4F799811147A}.Release|Any CPU.ActiveCfg = Release|Any CPU
		{3DD0B8C8-3329-4695-9A00-4F799811147A}.Release|Any CPU.Build.0 = Release|Any CPU
		{F2412B1B-6682-40F0-AC16-F78A2CE3CC98}.Debug|Any CPU.ActiveCfg = Debug|Any CPU
		{F2412B1B-6682-40F0-AC16-F78A2CE3CC98}.Debug|Any CPU.Build.0 = Debug|Any CPU
		{F2412B1B-6682-40F0-AC16-F78A2CE3CC98}.Release|Any CPU.ActiveCfg = Release|Any CPU
		{F2412B1B-6682-40F0-AC16-F78A2CE3CC98}.Release|Any CPU.Build.0 = Release|Any CPU
		{5B8C9D87-53EB-4D30-80D2-9BA6F94085BD}.Debug|Any CPU.ActiveCfg = Debug|Any CPU
		{5B8C9D87-53EB-4D30-80D2-9BA6F94085BD}.Debug|Any CPU.Build.0 = Debug|Any CPU
		{5B8C9D87-53EB-4D30-80D2-9BA6F94085BD}.Release|Any CPU.ActiveCfg = Release|Any CPU
		{5B8C9D87-53EB-4D30-80D2-9BA6F94085BD}.Release|Any CPU.Build.0 = Release|Any CPU
		{B2F00A6E-5B93-439D-A724-50E17B1685B6}.Debug|Any CPU.ActiveCfg = Debug|Any CPU
		{B2F00A6E-5B93-439D-A724-50E17B1685B6}.Debug|Any CPU.Build.0 = Debug|Any CPU
		{B2F00A6E-5B93-439D-A724-50E17B1685B6}.Release|Any CPU.ActiveCfg = Release|Any CPU
		{B2F00A6E-5B93-439D-A724-50E17B1685B6}.Release|Any CPU.Build.0 = Release|Any CPU
		{19199A07-1246-44D4-A0F3-403081D7DE11}.Debug|Any CPU.ActiveCfg = Debug|Any CPU
		{19199A07-1246-44D4-A0F3-403081D7DE11}.Debug|Any CPU.Build.0 = Debug|Any CPU
		{19199A07-1246-44D4-A0F3-403081D7DE11}.Release|Any CPU.ActiveCfg = Release|Any CPU
		{19199A07-1246-44D4-A0F3-403081D7DE11}.Release|Any CPU.Build.0 = Release|Any CPU
	EndGlobalSection
	GlobalSection(SolutionProperties) = preSolution
		HideSolutionNode = FALSE
	EndGlobalSection
	GlobalSection(ExtensibilityGlobals) = postSolution
		SolutionGuid = {128D02FC-9585-4125-BD26-A3CA05093EC3}
	EndGlobalSection
EndGlobal
